# This file is automatically @generated by Poetry 2.4.1 and should not be changed by hand.

[[package]]
name = "robotframework"
version = "7.4.2"
description = "Generic automation framework for acceptance testing and robotic process automation (RPA)"
optional = false
python-versions = ">=3.8"
groups = ["main"]
files = [
    {file = "robotframework-7.4.2-py3-none-any.whl", hash = "sha256:6e80f84cdc997bdde2abb6b729ac3531457ecf6d2e41abfb87a541877ab367bf"},
    {file = "robotframework-7.4.2.tar.gz", hash = "sha256:1c934e7f43600de407860cd2bd2fdc41adad4a4a785d8b46b1ed485fdc0f6c9f"},
]

[metadata]
lock-version = "2.1"
python-versions = ">=3.10.12"
content-hash = "5142b974e0004d057253b8ac251bb1661ac569f04dd2782696457dea10fe071d"
